
Microsoft Visual Studio Solution File, Format Version 12.00
# Visual Studio Version 17
VisualStudioVersion = 17.9.34701.34
MinimumVisualStudioVersion = 10.0.40219.1
Project("{FAE04EC0-301F-11D3-BF4B-00C04F79EFBC}") = "NEwNew", "NEwNew.csproj", "{F745B28F-994B-4763-A148-EC7DAEF6D56C}"
EndProject
Global
	GlobalSection(SolutionConfigurationPlatforms) = preSolution
		Debug|Any CPU = Debug|Any CPU
		Release|Any CPU = Release|Any CPU
	EndGlobalSection
	GlobalSection(ProjectConfigurationPlatforms) = postSolution
		{F745B28F-994B-4763-A148-EC7DAEF6D56C}.Debug|Any CPU.ActiveCfg = Debug|Any CPU
		{F745B28F-994B-4763-A148-EC7DAEF6D56C}.Debug|Any CPU.Build.0 = Debug|Any CPU
		{F745B28F-994B-4763-A148-EC7DAEF6D56C}.Release|Any CPU.ActiveCfg = Release|Any CPU
		{F745B28F-994B-4763-A148-EC7DAEF6D56C}.Release|Any CPU.Build.0 = Release|Any CPU
	EndGlobalSection
	GlobalSection(SolutionProperties) = preSolution
		HideSolutionNode = FALSE
	EndGlobalSection
	GlobalSection(ExtensibilityGlobals) = postSolution
		SolutionGuid = {47FE826B-24D9-48A3-A7BF-04852288E92C}
	EndGlobalSection
EndGlobal
